
Microsoft Visual Studio Solution File, Format Version 12.00
# Visual Studio Version 16
VisualStudioVersion = 16.0.30711.63
MinimumVisualStudioVersion = 10.0.40219.1
Project("{D2ABAB84-BF74-430A-B69E-9DC6D40DDA17}") = "CuboOLAPNorthwind", "CuboOLAPNorthwind.dwproj", "{F89340F6-91AD-49A8-93E1-39E7764AAE00}"
EndProject
Global
	GlobalSection(SolutionConfigurationPlatforms) = preSolution
		Development|Default = Development|Default
	EndGlobalSection
	GlobalSection(ProjectConfigurationPlatforms) = postSolution
		{F89340F6-91AD-49A8-93E1-39E7764AAE00}.Development|Default.ActiveCfg = Development
		{F89340F6-91AD-49A8-93E1-39E7764AAE00}.Development|Default.Build.0 = Development
		{F89340F6-91AD-49A8-93E1-39E7764AAE00}.Development|Default.Deploy.0 = Development
	EndGlobalSection
	GlobalSection(SolutionProperties) = preSolution
		HideSolutionNode = FALSE
	EndGlobalSection
	GlobalSection(ExtensibilityGlobals) = postSolution
		SolutionGuid = {0531660A-EC3A-40DA-93C8-EF7660E8EFBA}
	EndGlobalSection
EndGlobal
